
Microsoft Visual Studio Solution File, Format Version 12.00
# Visual Studio Version 17
VisualStudioVersion = 17.9.34622.214
MinimumVisualStudioVersion = 10.0.40219.1
Project("{FAE04EC0-301F-11D3-BF4B-00C04F79EFBC}") = "AntiPion", "AntiPion\AntiPion.csproj", "{139B76A0-3EFC-43DD-9508-9270A1EFEE54}"
EndProject
Global
	GlobalSection(SolutionConfigurationPlatforms) = preSolution
		Debug|Any CPU = Debug|Any CPU
		Release|Any CPU = Release|Any CPU
	EndGlobalSection
	GlobalSection(ProjectConfigurationPlatforms) = postSolution
		{139B76A0-3EFC-43DD-9508-9270A1EFEE54}.Debug|Any CPU.ActiveCfg = Debug|Any CPU
		{139B76A0-3EFC-43DD-9508-9270A1EFEE54}.Debug|Any CPU.Build.0 = Debug|Any CPU
		{139B76A0-3EFC-43DD-9508-9270A1EFEE54}.Release|Any CPU.ActiveCfg = Release|Any CPU
		{139B76A0-3EFC-43DD-9508-9270A1EFEE54}.Release|Any CPU.Build.0 = Release|Any CPU
	EndGlobalSection
	GlobalSection(SolutionProperties) = preSolution
		HideSolutionNode = FALSE
	EndGlobalSection
	GlobalSection(ExtensibilityGlobals) = postSolution
		SolutionGuid = {AA4B1252-7D55-48AA-9D4B-098EC19EA137}
	EndGlobalSection
EndGlobal
